
Microsoft Visual Studio Solution File, Format Version 12.00
# Visual Studio Version 17
VisualStudioVersion = 17.4.33213.308
MinimumVisualStudioVersion = 10.0.40219.1
Project("{FAE04EC0-301F-11D3-BF4B-00C04F79EFBC}") = "Strings", "..\2023-CSharp-Strings\Strings\Strings.csproj", "{5C8AA3BA-C2A2-4E04-991B-337CCA749484}"
EndProject
Project("{2150E333-8FDC-42A3-9474-1A3956D46DE8}") = "Chapter03", "Chapter03", "{B8109ACF-DDC1-4F28-B711-9F3B7CC36BF4}"
EndProject
Project("{2150E333-8FDC-42A3-9474-1A3956D46DE8}") = "Chapter04", "Chapter04", "{FD59276F-E6AC-4822-9A65-E2B3CBA201BD}"
EndProject
Project("{2150E333-8FDC-42A3-9474-1A3956D46DE8}") = "Chapter02", "Chapter02", "{5633D4CA-706B-40C3-8C6F-02D7D0D46A60}"
EndProject
Project("{FAE04EC0-301F-11D3-BF4B-00C04F79EFBC}") = "Array01", "Chapter03\Array01\Array01.csproj", "{44A03DCD-F7D3-42E9-AD76-51D2DDCF0605}"
EndProject
Project("{FAE04EC0-301F-11D3-BF4B-00C04F79EFBC}") = "Chap3Example13SongsArray", "Chapter03\Chap2Example13SongsArray\Chap3Example13SongsArray.csproj", "{D3E25C58-F030-4C44-A3D5-3B2526A6F97F}"
EndProject
Project("{FAE04EC0-301F-11D3-BF4B-00C04F79EFBC}") = "Chap3Example10ChildrensFloor", "Chapter03\Chap3Example10ChildrensFloor\Chap3Example10ChildrensFloor.csproj", "{4E8CB6CA-E285-47AD-B949-2EC4123CD2DE}"
EndProject
Project("{FAE04EC0-301F-11D3-BF4B-00C04F79EFBC}") = "Chap3Example11BuilderArr", "Chapter03\Chap3Example11BuilderArr\Chap3Example11BuilderArr.csproj", "{FEE9BF18-D23B-4E3B-91F6-6F286358F2DF}"
EndProject
Project("{FAE04EC0-301F-11D3-BF4B-00C04F79EFBC}") = "Chap3Example12LowMath", "Chapter03\Chap3Example12LowMath\Chap3Example12LowMath.csproj", "{BBF94AF9-189D-469F-B915-2946898E0525}"
EndProject
Project("{FAE04EC0-301F-11D3-BF4B-00C04F79EFBC}") = "Chap3Example13A_Students", "Chapter03\Chap3Example13A_Students\Chap3Example13A_Students.csproj", "{1B98A27A-DCCF-47C4-BD49-F1B52DA0BE84}"
EndProject
Project("{FAE04EC0-301F-11D3-BF4B-00C04F79EFBC}") = "Chap3Example15Students", "Chapter03\Chap3Example15\Chap3Example15Students.csproj", "{FFECDBA6-B641-41F2-8E14-D545F37D05D0}"
EndProject
Project("{FAE04EC0-301F-11D3-BF4B-00C04F79EFBC}") = "Chap3Example09GymCounter", "Chapter03\Array_Part_03\Chap3Example09GymCounter.csproj", "{86545547-6F12-460C-A929-EAFE7D93E0D0}"
EndProject
Project("{FAE04EC0-301F-11D3-BF4B-00C04F79EFBC}") = "Chap4Example00Introducation", "Chapter04\Chap4Example00Introducation\Chap4Example00Introducation.csproj", "{2A78C004-6A31-495B-86EE-A0ED58544D37}"
EndProject
Project("{FAE04EC0-301F-11D3-BF4B-00C04F79EFBC}") = "Chap4Example01Damka", "Chapter04\Chap4Example01Damka\Chap4Example01Damka.csproj", "{D7002468-AE24-43C4-B064-5FFA1D89C182}"
EndProject
Project("{FAE04EC0-301F-11D3-BF4B-00C04F79EFBC}") = "Chap4Example02Diagonal", "Chapter04\Chap04Example02Diagonal\Chap4Example02Diagonal.csproj", "{6AAE5932-4478-4D40-87F9-18094BC2AEE8}"
EndProject
Project("{FAE04EC0-301F-11D3-BF4B-00C04F79EFBC}") = "chap4Example04SameDiagonal", "Chapter04\chap4Example04SameDiagonal\chap4Example04SameDiagonal.csproj", "{95BA116B-87A3-4652-8B76-B7822E00E26B}"
EndProject
Project("{2150E333-8FDC-42A3-9474-1A3956D46DE8}") = "Bagrut2021B", "Bagrut2021B", "{F1AF0216-1D7D-4549-BCBA-CBD5E4D668DB}"
EndProject
Project("{FAE04EC0-301F-11D3-BF4B-00C04F79EFBC}") = "B2021BQ01", "B2021BQ01\B2021BQ01.csproj", "{469EBA50-435D-4AF3-AB39-ABB65B081C80}"
EndProject
Project("{FAE04EC0-301F-11D3-BF4B-00C04F79EFBC}") = "B2021BQ02", "B2021BQ02\B2021BQ02.csproj", "{28A5E8DA-A1C3-4E62-BFB6-E3E3FAADDF4F}"
EndProject
Project("{FAE04EC0-301F-11D3-BF4B-00C04F79EFBC}") = "B2021BQ03", "B2021BQ03\B2021BQ03.csproj", "{89293378-2F59-4834-A090-83A8CCA868B3}"
EndProject
Project("{FAE04EC0-301F-11D3-BF4B-00C04F79EFBC}") = "Chap4Example05Schedule", "Chap4Example05Schedule\Chap4Example05Schedule.csproj", "{768A51E1-BCC4-40A5-B805-AB3EC090B54D}"
EndProject
Project("{FAE04EC0-301F-11D3-BF4B-00C04F79EFBC}") = "Chap4Example06_DifferentDimension", "Chap4Example06_DifferentDimension\Chap4Example06_DifferentDimension.csproj", "{A48B41B9-AC47-4228-AE96-B60F9D89EC0C}"
EndProject
Project("{2150E333-8FDC-42A3-9474-1A3956D46DE8}") = "Bagrut2023", "Bagrut2023", "{884E675A-D4AC-46ED-B5B6-AC8EB1C8BC01}"
EndProject
Project("{FAE04EC0-301F-11D3-BF4B-00C04F79EFBC}") = "Chap4Ex09", "Chap4Ex09\Chap4Ex09.csproj", "{B1375D0B-82D1-4F73-A0A2-983AD0E68DFC}"
EndProject
Project("{FAE04EC0-301F-11D3-BF4B-00C04F79EFBC}") = "Bagrut 2023Q01", "Bagrut 2023Q01\Bagrut 2023Q01.csproj", "{166FCBD3-0138-414A-9DD5-586EB52248D5}"
EndProject
Project("{2150E333-8FDC-42A3-9474-1A3956D46DE8}") = "Final test", "Final test", "{F5B7A384-2F08-4018-BD3C-D140F114FB26}"
EndProject
Project("{FAE04EC0-301F-11D3-BF4B-00C04F79EFBC}") = "FinalTest2023", "FinalTest2023\FinalTest2023.csproj", "{B59F9892-96AE-47E3-839C-CE260D307322}"
EndProject
Project("{FAE04EC0-301F-11D3-BF4B-00C04F79EFBC}") = "FinalTest2023.Xunit.UnitTests", "TestingFinalTest\FinalTest2023.Xunit.UnitTests.csproj", "{2317C8B0-D7C0-4554-9EDC-6E14758FF4F9}"
EndProject
Project("{FAE04EC0-301F-11D3-BF4B-00C04F79EFBC}") = "FinalTest2023.MSTest.UnitTests", "FinalTest2023.MSTest.UnitTests\FinalTest2023.MSTest.UnitTests.csproj", "{57EF2382-3C5E-4075-B551-522A258F8DB0}"
EndProject
Project("{2150E333-8FDC-42A3-9474-1A3956D46DE8}") = "Exams", "Exams", "{68425757-8D25-491B-A149-89B37F17AB3A}"
EndProject
Project("{FAE04EC0-301F-11D3-BF4B-00C04F79EFBC}") = "Gim2019", "Gim2019\Gim2019.csproj", "{77E1DCD0-56F3-44B9-A9CE-58297D69AD41}"
EndProject
Project("{FAE04EC0-301F-11D3-BF4B-00C04F79EFBC}") = "Gim2019Tests", "Gim2019Tests\Gim2019Tests.csproj", "{34869207-5BAE-41D4-A1D5-336464427B5C}"
EndProject
Project("{2150E333-8FDC-42A3-9474-1A3956D46DE8}") = "2024", "2024", "{33225B1E-97E2-4285-83B6-7470DF5484F0}"
EndProject
Project("{2150E333-8FDC-42A3-9474-1A3956D46DE8}") = "2023", "2023", "{1DF7B619-6DD6-4FFA-A016-01E0B29F6716}"
EndProject
Project("{FAE04EC0-301F-11D3-BF4B-00C04F79EFBC}") = "Bagrut2023Q02", "Bagrut2023Q02\Bagrut2023Q02.csproj", "{3C522A83-A648-4902-A491-7EF9CF13879C}"
EndProject
Project("{FAE04EC0-301F-11D3-BF4B-00C04F79EFBC}") = "GetNumbersWhenSumOfDigitsGreaterThanNum", "GetNumbersWhenSumOfDigitsGreaterThanNum\GetNumbersWhenSumOfDigitsGreaterThanNum.csproj", "{C15D21B7-127E-43E1-BBDB-97095AA2CDF1}"
EndProject
Project("{FAE04EC0-301F-11D3-BF4B-00C04F79EFBC}") = "Bagrut2023Test", "Bagrut2023\Bagrut2023Test.csproj", "{DFB4F1BB-A0CB-4BFD-B717-6D895B62CF7E}"
EndProject
Project("{2150E333-8FDC-42A3-9474-1A3956D46DE8}") = "Bagrut", "Bagrut", "{AAB41BE9-A7B3-4713-9E7F-89ED3E1EC73F}"
EndProject
Project("{2150E333-8FDC-42A3-9474-1A3956D46DE8}") = "ClassTest", "ClassTest", "{B6DFC60E-47B7-4ACD-A98E-1D95F1EA0932}"
EndProject
Project("{2150E333-8FDC-42A3-9474-1A3956D46DE8}") = "Book", "Book", "{3A94B537-2C13-43D8-8884-56D797D51F20}"
EndProject
Project("{2150E333-8FDC-42A3-9474-1A3956D46DE8}") = "Bagrut2020", "Bagrut2020", "{66D8C63D-CD30-4212-8803-B6140A67C49E}"
EndProject
Project("{FAE04EC0-301F-11D3-BF4B-00C04F79EFBC}") = "Bagrut2020Q02", "Bagrut2020Q02\Bagrut2020Q02.csproj", "{F177C8E2-304E-4FD0-9978-0CAF76FA0D1D}"
EndProject
Project("{2150E333-8FDC-42A3-9474-1A3956D46DE8}") = "Bagrut2019", "Bagrut2019", "{48076FF1-4013-4C40-A1F2-F95CCB6B35CD}"
EndProject
Project("{9A19103F-16F7-4668-BE54-9A1E7A4F7556}") = "Bagrut2019Q01Mstest", "Bagrut2019\Bagrut2019Q01Mstest\Bagrut2019Q01Mstest.csproj", "{FC0ED186-D9EF-444F-9268-C1083BCCB0A4}"
EndProject
Project("{9A19103F-16F7-4668-BE54-9A1E7A4F7556}") = "Bagrut2019Q01Net8", "Bagrut2019\Bagrut2019Q01Net8\Bagrut2019Q01Net8.csproj", "{EE208A2A-E80E-40E3-8C17-72E511C17BB4}"
EndProject
Project("{FAE04EC0-301F-11D3-BF4B-00C04F79EFBC}") = "Bagrut2019Q02", "Bagrut2019\Bagrut2019Q02\Bagrut2019Q02.csproj", "{3A21A0A9-97FF-48B6-B03F-7D27D8D1719F}"
EndProject
Project("{FAE04EC0-301F-11D3-BF4B-00C04F79EFBC}") = "Bagrut2019Q03", "Bagrut2019\Bagrut2019Q03\Bagrut2019Q03.csproj", "{F952AB56-E303-4C4E-AE0D-F2204260FBA1}"
EndProject
Global
	GlobalSection(SolutionConfigurationPlatforms) = preSolution
		Debug|Any CPU = Debug|Any CPU
		Release|Any CPU = Release|Any CPU
	EndGlobalSection
	GlobalSection(ProjectConfigurationPlatforms) = postSolution
		{5C8AA3BA-C2A2-4E04-991B-337CCA749484}.Debug|Any CPU.ActiveCfg = Debug|Any CPU
		{5C8AA3BA-C2A2-4E04-991B-337CCA749484}.Debug|Any CPU.Build.0 = Debug|Any CPU
		{5C8AA3BA-C2A2-4E04-991B-337CCA749484}.Release|Any CPU.ActiveCfg = Release|Any CPU
		{5C8AA3BA-C2A2-4E04-991B-337CCA749484}.Release|Any CPU.Build.0 = Release|Any CPU
		{44A03DCD-F7D3-42E9-AD76-51D2DDCF0605}.Debug|Any CPU.ActiveCfg = Debug|Any CPU
		{44A03DCD-F7D3-42E9-AD76-51D2DDCF0605}.Debug|Any CPU.Build.0 = Debug|Any CPU
		{44A03DCD-F7D3-42E9-AD76-51D2DDCF0605}.Release|Any CPU.ActiveCfg = Release|Any CPU
		{44A03DCD-F7D3-42E9-AD76-51D2DDCF0605}.Release|Any CPU.Build.0 = Release|Any CPU
		{D3E25C58-F030-4C44-A3D5-3B2526A6F97F}.Debug|Any CPU.ActiveCfg = Debug|Any CPU
		{D3E25C58-F030-4C44-A3D5-3B2526A6F97F}.Debug|Any CPU.Build.0 = Debug|Any CPU
		{D3E25C58-F030-4C44-A3D5-3B2526A6F97F}.Release|Any CPU.ActiveCfg = Release|Any CPU
		{D3E25C58-F030-4C44-A3D5-3B2526A6F97F}.Release|Any CPU.Build.0 = Release|Any CPU
		{4E8CB6CA-E285-47AD-B949-2EC4123CD2DE}.Debug|Any CPU.ActiveCfg = Debug|Any CPU
		{4E8CB6CA-E285-47AD-B949-2EC4123CD2DE}.Debug|Any CPU.Build.0 = Debug|Any CPU
		{4E8CB6CA-E285-47AD-B949-2EC4123CD2DE}.Release|Any CPU.ActiveCfg = Release|Any CPU
		{4E8CB6CA-E285-47AD-B949-2EC4123CD2DE}.Release|Any CPU.Build.0 = Release|Any CPU
		{FEE9BF18-D23B-4E3B-91F6-6F286358F2DF}.Debug|Any CPU.ActiveCfg = Debug|Any CPU
		{FEE9BF18-D23B-4E3B-91F6-6F286358F2DF}.Debug|Any CPU.Build.0 = Debug|Any CPU
		{FEE9BF18-D23B-4E3B-91F6-6F286358F2DF}.Release|Any CPU.ActiveCfg = Release|Any CPU
		{FEE9BF18-D23B-4E3B-91F6-6F286358F2DF}.Release|Any CPU.Build.0 = Release|Any CPU
		{BBF94AF9-189D-469F-B915-2946898E0525}.Debug|Any CPU.ActiveCfg = Debug|Any CPU
		{BBF94AF9-189D-469F-B915-2946898E0525}.Debug|Any CPU.Build.0 = Debug|Any CPU
		{BBF94AF9-189D-469F-B915-2946898E0525}.Release|Any CPU.ActiveCfg = Release|Any CPU
		{BBF94AF9-189D-469F-B915-2946898E0525}.Release|Any CPU.Build.0 = Release|Any CPU
		{1B98A27A-DCCF-47C4-BD49-F1B52DA0BE84}.Debug|Any CPU.ActiveCfg = Debug|Any CPU
		{1B98A27A-DCCF-47C4-BD49-F1B52DA0BE84}.Debug|Any CPU.Build.0 = Debug|Any CPU
		{1B98A27A-DCCF-47C4-BD49-F1B52DA0BE84}.Release|Any CPU.ActiveCfg = Release|Any CPU
		{1B98A27A-DCCF-47C4-BD49-F1B52DA0BE84}.Release|Any CPU.Build.0 = Release|Any CPU
		{FFECDBA6-B641-41F2-8E14-D545F37D05D0}.Debug|Any CPU.ActiveCfg = Debug|Any CPU
		{FFECDBA6-B641-41F2-8E14-D545F37D05D0}.Debug|Any CPU.Build.0 = Debug|Any CPU
		{FFECDBA6-B641-41F2-8E14-D545F37D05D0}.Release|Any CPU.ActiveCfg = Release|Any CPU
		{FFECDBA6-B641-41F2-8E14-D545F37D05D0}.Release|Any CPU.Build.0 = Release|Any CPU
		{86545547-6F12-460C-A929-EAFE7D93E0D0}.Debug|Any CPU.ActiveCfg = Debug|Any CPU
		{86545547-6F12-460C-A929-EAFE7D93E0D0}.Debug|Any CPU.Build.0 = Debug|Any CPU
		{86545547-6F12-460C-A929-EAFE7D93E0D0}.Release|Any CPU.ActiveCfg = Release|Any CPU
		{86545547-6F12-460C-A929-EAFE7D93E0D0}.Release|Any CPU.Build.0 = Release|Any CPU
		{2A78C004-6A31-495B-86EE-A0ED58544D37}.Debug|Any CPU.ActiveCfg = Debug|Any CPU
		{2A78C004-6A31-495B-86EE-A0ED58544D37}.Debug|Any CPU.Build.0 = Debug|Any CPU
		{2A78C004-6A31-495B-86EE-A0ED58544D37}.Release|Any CPU.ActiveCfg = Release|Any CPU
		{2A78C004-6A31-495B-86EE-A0ED58544D37}.Release|Any CPU.Build.0 = Release|Any CPU
		{D7002468-AE24-43C4-B064-5FFA1D89C182}.Debug|Any CPU.ActiveCfg = Debug|Any CPU
		{D7002468-AE24-43C4-B064-5FFA1D89C182}.Debug|Any CPU.Build.0 = Debug|Any CPU
		{D7002468-AE24-43C4-B064-5FFA1D89C182}.Release|Any CPU.ActiveCfg = Release|Any CPU
		{D7002468-AE24-43C4-B064-5FFA1D89C182}.Release|Any CPU.Build.0 = Release|Any CPU
		{6AAE5932-4478-4D40-87F9-18094BC2AEE8}.Debug|Any CPU.ActiveCfg = Debug|Any CPU
		{6AAE5932-4478-4D40-87F9-18094BC2AEE8}.Debug|Any CPU.Build.0 = Debug|Any CPU
		{6AAE5932-4478-4D40-87F9-18094BC2AEE8}.Release|Any CPU.ActiveCfg = Release|Any CPU
		{6AAE5932-4478-4D40-87F9-18094BC2AEE8}.Release|Any CPU.Build.0 = Release|Any CPU
		{95BA116B-87A3-4652-8B76-B7822E00E26B}.Debug|Any CPU.ActiveCfg = Debug|Any CPU
		{95BA116B-87A3-4652-8B76-B7822E00E26B}.Debug|Any CPU.Build.0 = Debug|Any CPU
		{95BA116B-87A3-4652-8B76-B7822E00E26B}.Release|Any CPU.ActiveCfg = Release|Any CPU
		{95BA116B-87A3-4652-8B76-B7822E00E26B}.Release|Any CPU.Build.0 = Release|Any CPU
		{469EBA50-435D-4AF3-AB39-ABB65B081C80}.Debug|Any CPU.ActiveCfg = Debug|Any CPU
		{469EBA50-435D-4AF3-AB39-ABB65B081C80}.Debug|Any CPU.Build.0 = Debug|Any CPU
		{469EBA50-435D-4AF3-AB39-ABB65B081C80}.Release|Any CPU.ActiveCfg = Release|Any CPU
		{469EBA50-435D-4AF3-AB39-ABB65B081C80}.Release|Any CPU.Build.0 = Release|Any CPU
		{28A5E8DA-A1C3-4E62-BFB6-E3E3FAADDF4F}.Debug|Any CPU.ActiveCfg = Debug|Any CPU
		{28A5E8DA-A1C3-4E62-BFB6-E3E3FAADDF4F}.Debug|Any CPU.Build.0 = Debug|Any CPU
		{28A5E8DA-A1C3-4E62-BFB6-E3E3FAADDF4F}.Release|Any CPU.ActiveCfg = Release|Any CPU
		{28A5E8DA-A1C3-4E62-BFB6-E3E3FAADDF4F}.Release|Any CPU.Build.0 = Release|Any CPU
		{89293378-2F59-4834-A090-83A8CCA868B3}.Debug|Any CPU.ActiveCfg = Debug|Any CPU
		{89293378-2F59-4834-A090-83A8CCA868B3}.Debug|Any CPU.Build.0 = Debug|Any CPU
		{89293378-2F59-4834-A090-83A8CCA868B3}.Release|Any CPU.ActiveCfg = Release|Any CPU
		{89293378-2F59-4834-A090-83A8CCA868B3}.Release|Any CPU.Build.0 = Release|Any CPU
		{768A51E1-BCC4-40A5-B805-AB3EC090B54D}.Debug|Any CPU.ActiveCfg = Debug|Any CPU
		{768A51E1-BCC4-40A5-B805-AB3EC090B54D}.Debug|Any CPU.Build.0 = Debug|Any CPU
		{768A51E1-BCC4-40A5-B805-AB3EC090B54D}.Release|Any CPU.ActiveCfg = Release|Any CPU
		{768A51E1-BCC4-40A5-B805-AB3EC090B54D}.Release|Any CPU.Build.0 = Release|Any CPU
		{A48B41B9-AC47-4228-AE96-B60F9D89EC0C}.Debug|Any CPU.ActiveCfg = Debug|Any CPU
		{A48B41B9-AC47-4228-AE96-B60F9D89EC0C}.Debug|Any CPU.Build.0 = Debug|Any CPU
		{A48B41B9-AC47-4228-AE96-B60F9D89EC0C}.Release|Any CPU.ActiveCfg = Release|Any CPU
		{A48B41B9-AC47-4228-AE96-B60F9D89EC0C}.Release|Any CPU.Build.0 = Release|Any CPU
		{B1375D0B-82D1-4F73-A0A2-983AD0E68DFC}.Debug|Any CPU.ActiveCfg = Debug|Any CPU
		{B1375D0B-82D1-4F73-A0A2-983AD0E68DFC}.Debug|Any CPU.Build.0 = Debug|Any CPU
		{B1375D0B-82D1-4F73-A0A2-983AD0E68DFC}.Release|Any CPU.ActiveCfg = Release|Any CPU
		{B1375D0B-82D1-4F73-A0A2-983AD0E68DFC}.Release|Any CPU.Build.0 = Release|Any CPU
		{166FCBD3-0138-414A-9DD5-586EB52248D5}.Debug|Any CPU.ActiveCfg = Debug|Any CPU
		{166FCBD3-0138-414A-9DD5-586EB52248D5}.Debug|Any CPU.Build.0 = Debug|Any CPU
		{166FCBD3-0138-414A-9DD5-586EB52248D5}.Release|Any CPU.ActiveCfg = Release|Any CPU
		{166FCBD3-0138-414A-9DD5-586EB52248D5}.Release|Any CPU.Build.0 = Release|Any CPU
		{B59F9892-96AE-47E3-839C-CE260D307322}.Debug|Any CPU.ActiveCfg = Debug|Any CPU
		{B59F9892-96AE-47E3-839C-CE260D307322}.Debug|Any CPU.Build.0 = Debug|Any CPU
		{B59F9892-96AE-47E3-839C-CE260D307322}.Release|Any CPU.ActiveCfg = Release|Any CPU
		{B59F9892-96AE-47E3-839C-CE260D307322}.Release|Any CPU.Build.0 = Release|Any CPU
		{2317C8B0-D7C0-4554-9EDC-6E14758FF4F9}.Debug|Any CPU.ActiveCfg = Debug|Any CPU
		{2317C8B0-D7C0-4554-9EDC-6E14758FF4F9}.Debug|Any CPU.Build.0 = Debug|Any CPU
		{2317C8B0-D7C0-4554-9EDC-6E14758FF4F9}.Release|Any CPU.ActiveCfg = Release|Any CPU
		{2317C8B0-D7C0-4554-9EDC-6E14758FF4F9}.Release|Any CPU.Build.0 = Release|Any CPU
		{57EF2382-3C5E-4075-B551-522A258F8DB0}.Debug|Any CPU.ActiveCfg = Debug|Any CPU
		{57EF2382-3C5E-4075-B551-522A258F8DB0}.Debug|Any CPU.Build.0 = Debug|Any CPU
		{57EF2382-3C5E-4075-B551-522A258F8DB0}.Release|Any CPU.ActiveCfg = Release|Any CPU
		{57EF2382-3C5E-4075-B551-522A258F8DB0}.Release|Any CPU.Build.0 = Release|Any CPU
		{77E1DCD0-56F3-44B9-A9CE-58297D69AD41}.Debug|Any CPU.ActiveCfg = Debug|Any CPU
		{77E1DCD0-56F3-44B9-A9CE-58297D69AD41}.Debug|Any CPU.Build.0 = Debug|Any CPU
		{77E1DCD0-56F3-44B9-A9CE-58297D69AD41}.Release|Any CPU.ActiveCfg = Release|Any CPU
		{77E1DCD0-56F3-44B9-A9CE-58297D69AD41}.Release|Any CPU.Build.0 = Release|Any CPU
		{34869207-5BAE-41D4-A1D5-336464427B5C}.Debug|Any CPU.ActiveCfg = Debug|Any CPU
		{34869207-5BAE-41D4-A1D5-336464427B5C}.Debug|Any CPU.Build.0 = Debug|Any CPU
		{34869207-5BAE-41D4-A1D5-336464427B5C}.Release|Any CPU.ActiveCfg = Release|Any CPU
		{34869207-5BAE-41D4-A1D5-336464427B5C}.Release|Any CPU.Build.0 = Release|Any CPU
		{3C522A83-A648-4902-A491-7EF9CF13879C}.Debug|Any CPU.ActiveCfg = Debug|Any CPU
		{3C522A83-A648-4902-A491-7EF9CF13879C}.Debug|Any CPU.Build.0 = Debug|Any CPU
		{3C522A83-A648-4902-A491-7EF9CF13879C}.Release|Any CPU.ActiveCfg = Release|Any CPU
		{3C522A83-A648-4902-A491-7EF9CF13879C}.Release|Any CPU.Build.0 = Release|Any CPU
		{C15D21B7-127E-43E1-BBDB-97095AA2CDF1}.Debug|Any CPU.ActiveCfg = Debug|Any CPU
		{C15D21B7-127E-43E1-BBDB-97095AA2CDF1}.Debug|Any CPU.Build.0 = Debug|Any CPU
		{C15D21B7-127E-43E1-BBDB-97095AA2CDF1}.Release|Any CPU.ActiveCfg = Release|Any CPU
		{C15D21B7-127E-43E1-BBDB-97095AA2CDF1}.Release|Any CPU.Build.0 = Release|Any CPU
		{DFB4F1BB-A0CB-4BFD-B717-6D895B62CF7E}.Debug|Any CPU.ActiveCfg = Debug|Any CPU
		{DFB4F1BB-A0CB-4BFD-B717-6D895B62CF7E}.Debug|Any CPU.Build.0 = Debug|Any CPU
		{DFB4F1BB-A0CB-4BFD-B717-6D895B62CF7E}.Release|Any CPU.ActiveCfg = Release|Any CPU
		{DFB4F1BB-A0CB-4BFD-B717-6D895B62CF7E}.Release|Any CPU.Build.0 = Release|Any CPU
		{F177C8E2-304E-4FD0-9978-0CAF76FA0D1D}.Debug|Any CPU.ActiveCfg = Debug|Any CPU
		{F177C8E2-304E-4FD0-9978-0CAF76FA0D1D}.Debug|Any CPU.Build.0 = Debug|Any CPU
		{F177C8E2-304E-4FD0-9978-0CAF76FA0D1D}.Release|Any CPU.ActiveCfg = Release|Any CPU
		{F177C8E2-304E-4FD0-9978-0CAF76FA0D1D}.Release|Any CPU.Build.0 = Release|Any CPU
		{FC0ED186-D9EF-444F-9268-C1083BCCB0A4}.Debug|Any CPU.ActiveCfg = Debug|Any CPU
		{FC0ED186-D9EF-444F-9268-C1083BCCB0A4}.Debug|Any CPU.Build.0 = Debug|Any CPU
		{FC0ED186-D9EF-444F-9268-C1083BCCB0A4}.Release|Any CPU.ActiveCfg = Release|Any CPU
		{FC0ED186-D9EF-444F-9268-C1083BCCB0A4}.Release|Any CPU.Build.0 = Release|Any CPU
		{EE208A2A-E80E-40E3-8C17-72E511C17BB4}.Debug|Any CPU.ActiveCfg = Debug|Any CPU
		{EE208A2A-E80E-40E3-8C17-72E511C17BB4}.Debug|Any CPU.Build.0 = Debug|Any CPU
		{EE208A2A-E80E-40E3-8C17-72E511C17BB4}.Release|Any CPU.ActiveCfg = Release|Any CPU
		{EE208A2A-E80E-40E3-8C17-72E511C17BB4}.Release|Any CPU.Build.0 = Release|Any CPU
		{3A21A0A9-97FF-48B6-B03F-7D27D8D1719F}.Debug|Any CPU.ActiveCfg = Debug|Any CPU
		{3A21A0A9-97FF-48B6-B03F-7D27D8D1719F}.Debug|Any CPU.Build.0 = Debug|Any CPU
		{3A21A0A9-97FF-48B6-B03F-7D27D8D1719F}.Release|Any CPU.ActiveCfg = Release|Any CPU
		{3A21A0A9-97FF-48B6-B03F-7D27D8D1719F}.Release|Any CPU.Build.0 = Release|Any CPU
		{F952AB56-E303-4C4E-AE0D-F2204260FBA1}.Debug|Any CPU.ActiveCfg = Debug|Any CPU
		{F952AB56-E303-4C4E-AE0D-F2204260FBA1}.Debug|Any CPU.Build.0 = Debug|Any CPU
		{F952AB56-E303-4C4E-AE0D-F2204260FBA1}.Release|Any CPU.ActiveCfg = Release|Any CPU
		{F952AB56-E303-4C4E-AE0D-F2204260FBA1}.Release|Any CPU.Build.0 = Release|Any CPU
	EndGlobalSection
	GlobalSection(SolutionProperties) = preSolution
		HideSolutionNode = FALSE
	EndGlobalSection
	GlobalSection(NestedProjects) = preSolution
		{5C8AA3BA-C2A2-4E04-991B-337CCA749484} = {5633D4CA-706B-40C3-8C6F-02D7D0D46A60}
		{B8109ACF-DDC1-4F28-B711-9F3B7CC36BF4} = {3A94B537-2C13-43D8-8884-56D797D51F20}
		{FD59276F-E6AC-4822-9A65-E2B3CBA201BD} = {3A94B537-2C13-43D8-8884-56D797D51F20}
		{5633D4CA-706B-40C3-8C6F-02D7D0D46A60} = {3A94B537-2C13-43D8-8884-56D797D51F20}
		{44A03DCD-F7D3-42E9-AD76-51D2DDCF0605} = {B8109ACF-DDC1-4F28-B711-9F3B7CC36BF4}
		{D3E25C58-F030-4C44-A3D5-3B2526A6F97F} = {B8109ACF-DDC1-4F28-B711-9F3B7CC36BF4}
		{4E8CB6CA-E285-47AD-B949-2EC4123CD2DE} = {B8109ACF-DDC1-4F28-B711-9F3B7CC36BF4}
		{FEE9BF18-D23B-4E3B-91F6-6F286358F2DF} = {B8109ACF-DDC1-4F28-B711-9F3B7CC36BF4}
		{BBF94AF9-189D-469F-B915-2946898E0525} = {B8109ACF-DDC1-4F28-B711-9F3B7CC36BF4}
		{1B98A27A-DCCF-47C4-BD49-F1B52DA0BE84} = {B8109ACF-DDC1-4F28-B711-9F3B7CC36BF4}
		{FFECDBA6-B641-41F2-8E14-D545F37D05D0} = {B8109ACF-DDC1-4F28-B711-9F3B7CC36BF4}
		{86545547-6F12-460C-A929-EAFE7D93E0D0} = {B8109ACF-DDC1-4F28-B711-9F3B7CC36BF4}
		{2A78C004-6A31-495B-86EE-A0ED58544D37} = {FD59276F-E6AC-4822-9A65-E2B3CBA201BD}
		{D7002468-AE24-43C4-B064-5FFA1D89C182} = {FD59276F-E6AC-4822-9A65-E2B3CBA201BD}
		{6AAE5932-4478-4D40-87F9-18094BC2AEE8} = {FD59276F-E6AC-4822-9A65-E2B3CBA201BD}
		{95BA116B-87A3-4652-8B76-B7822E00E26B} = {FD59276F-E6AC-4822-9A65-E2B3CBA201BD}
		{F1AF0216-1D7D-4549-BCBA-CBD5E4D668DB} = {AAB41BE9-A7B3-4713-9E7F-89ED3E1EC73F}
		{469EBA50-435D-4AF3-AB39-ABB65B081C80} = {F1AF0216-1D7D-4549-BCBA-CBD5E4D668DB}
		{28A5E8DA-A1C3-4E62-BFB6-E3E3FAADDF4F} = {F1AF0216-1D7D-4549-BCBA-CBD5E4D668DB}
		{89293378-2F59-4834-A090-83A8CCA868B3} = {F1AF0216-1D7D-4549-BCBA-CBD5E4D668DB}
		{768A51E1-BCC4-40A5-B805-AB3EC090B54D} = {FD59276F-E6AC-4822-9A65-E2B3CBA201BD}
		{A48B41B9-AC47-4228-AE96-B60F9D89EC0C} = {FD59276F-E6AC-4822-9A65-E2B3CBA201BD}
		{884E675A-D4AC-46ED-B5B6-AC8EB1C8BC01} = {AAB41BE9-A7B3-4713-9E7F-89ED3E1EC73F}
		{B1375D0B-82D1-4F73-A0A2-983AD0E68DFC} = {FD59276F-E6AC-4822-9A65-E2B3CBA201BD}
		{166FCBD3-0138-414A-9DD5-586EB52248D5} = {884E675A-D4AC-46ED-B5B6-AC8EB1C8BC01}
		{F5B7A384-2F08-4018-BD3C-D140F114FB26} = {1DF7B619-6DD6-4FFA-A016-01E0B29F6716}
		{B59F9892-96AE-47E3-839C-CE260D307322} = {F5B7A384-2F08-4018-BD3C-D140F114FB26}
		{2317C8B0-D7C0-4554-9EDC-6E14758FF4F9} = {F5B7A384-2F08-4018-BD3C-D140F114FB26}
		{57EF2382-3C5E-4075-B551-522A258F8DB0} = {F5B7A384-2F08-4018-BD3C-D140F114FB26}
		{68425757-8D25-491B-A149-89B37F17AB3A} = {1DF7B619-6DD6-4FFA-A016-01E0B29F6716}
		{77E1DCD0-56F3-44B9-A9CE-58297D69AD41} = {68425757-8D25-491B-A149-89B37F17AB3A}
		{34869207-5BAE-41D4-A1D5-336464427B5C} = {68425757-8D25-491B-A149-89B37F17AB3A}
		{33225B1E-97E2-4285-83B6-7470DF5484F0} = {B6DFC60E-47B7-4ACD-A98E-1D95F1EA0932}
		{1DF7B619-6DD6-4FFA-A016-01E0B29F6716} = {B6DFC60E-47B7-4ACD-A98E-1D95F1EA0932}
		{3C522A83-A648-4902-A491-7EF9CF13879C} = {884E675A-D4AC-46ED-B5B6-AC8EB1C8BC01}
		{C15D21B7-127E-43E1-BBDB-97095AA2CDF1} = {884E675A-D4AC-46ED-B5B6-AC8EB1C8BC01}
		{DFB4F1BB-A0CB-4BFD-B717-6D895B62CF7E} = {884E675A-D4AC-46ED-B5B6-AC8EB1C8BC01}
		{66D8C63D-CD30-4212-8803-B6140A67C49E} = {AAB41BE9-A7B3-4713-9E7F-89ED3E1EC73F}
		{F177C8E2-304E-4FD0-9978-0CAF76FA0D1D} = {66D8C63D-CD30-4212-8803-B6140A67C49E}
		{48076FF1-4013-4C40-A1F2-F95CCB6B35CD} = {AAB41BE9-A7B3-4713-9E7F-89ED3E1EC73F}
		{FC0ED186-D9EF-444F-9268-C1083BCCB0A4} = {48076FF1-4013-4C40-A1F2-F95CCB6B35CD}
		{EE208A2A-E80E-40E3-8C17-72E511C17BB4} = {48076FF1-4013-4C40-A1F2-F95CCB6B35CD}
		{3A21A0A9-97FF-48B6-B03F-7D27D8D1719F} = {48076FF1-4013-4C40-A1F2-F95CCB6B35CD}
		{F952AB56-E303-4C4E-AE0D-F2204260FBA1} = {48076FF1-4013-4C40-A1F2-F95CCB6B35CD}
	EndGlobalSection
	GlobalSection(ExtensibilityGlobals) = postSolution
		SolutionGuid = {6645E255-EEEB-4F43-B5A1-DA0CA3DA30EC}
	EndGlobalSection
EndGlobal
